// !$*UTF8*$!
{
	archiveVersion = 1;
	classes = {
	};
	objectVersion = 46;
	objects = {

/* Begin PBXBuildFile section */
		941C05061F6C8A2200A7AD05 /* AttributeTableViewCell.swift in Sources */ = {isa = PBXBuildFile; fileRef = 941C05051F6C8A2200A7AD05 /* AttributeTableViewCell.swift */; };
		943F353E1FF1AE4E0072AFD9 /* MGSwipeTableCell.framework in Frameworks */ = {isa = PBXBuildFile; fileRef = 943F353D1FF1AE4D0072AFD9 /* MGSwipeTableCell.framework */; };
		944F5A3C1F6F964600EA6D33 /* StyleModel.swift in Sources */ = {isa = PBXBuildFile; fileRef = 944F5A3B1F6F964600EA6D33 /* StyleModel.swift */; };
		9473FEE21F6852BA0070F507 /* AttributeSelectorViewController.swift in Sources */ = {isa = PBXBuildFile; fileRef = 9473FEE11F6852BA0070F507 /* AttributeSelectorViewController.swift */; };
		9473FEE61F6882BA0070F507 /* TitleRememberViewController.swift in Sources */ = {isa = PBXBuildFile; fileRef = 9473FEE51F6882BA0070F507 /* TitleRememberViewController.swift */; };
		9473FEE81F6886830070F507 /* NoteRememberViewController.swift in Sources */ = {isa = PBXBuildFile; fileRef = 9473FEE71F6886830070F507 /* NoteRememberViewController.swift */; };
		94B1B6381F6DB05E00DBA3CD /* ThingDataViewController.swift in Sources */ = {isa = PBXBuildFile; fileRef = 94B1B6371F6DB05E00DBA3CD /* ThingDataViewController.swift */; };
		94E4FA421F68B47900FA18A5 /* ThingsViewController.swift in Sources */ = {isa = PBXBuildFile; fileRef = 94E4FA411F68B47900FA18A5 /* ThingsViewController.swift */; };
		BD07E89E1F673350004A5851 /* AppDelegate.swift in Sources */ = {isa = PBXBuildFile; fileRef = BD07E89D1F673350004A5851 /* AppDelegate.swift */; };
		BD07E8A01F673350004A5851 /* InitialViewController.swift in Sources */ = {isa = PBXBuildFile; fileRef = BD07E89F1F673350004A5851 /* InitialViewController.swift */; };
		BD07E8A31F673350004A5851 /* Main.storyboard in Resources */ = {isa = PBXBuildFile; fileRef = BD07E8A11F673350004A5851 /* Main.storyboard */; };
		BD07E8A61F673350004A5851 /* Something.xcdatamodeld in Sources */ = {isa = PBXBuildFile; fileRef = BD07E8A41F673350004A5851 /* Something.xcdatamodeld */; };
		BD07E8A81F673350004A5851 /* Assets.xcassets in Resources */ = {isa = PBXBuildFile; fileRef = BD07E8A71F673350004A5851 /* Assets.xcassets */; };
		BD07E8AB1F673350004A5851 /* LaunchScreen.storyboard in Resources */ = {isa = PBXBuildFile; fileRef = BD07E8A91F673350004A5851 /* LaunchScreen.storyboard */; };
		BD07E8B61F673350004A5851 /* SomethingTests.swift in Sources */ = {isa = PBXBuildFile; fileRef = BD07E8B51F673350004A5851 /* SomethingTests.swift */; };
		BD07E8C11F673350004A5851 /* SomethingUITests.swift in Sources */ = {isa = PBXBuildFile; fileRef = BD07E8C01F673350004A5851 /* SomethingUITests.swift */; };
		BD07E8D01F675086004A5851 /* CreateThingWizard.swift in Sources */ = {isa = PBXBuildFile; fileRef = BD07E8CF1F675086004A5851 /* CreateThingWizard.swift */; };
		BD07E8D21F67570D004A5851 /* PredicateFormulator.swift in Sources */ = {isa = PBXBuildFile; fileRef = BD07E8D11F67570D004A5851 /* PredicateFormulator.swift */; };
		BD07E8D41F675E2D004A5851 /* ColorExtensions.swift in Sources */ = {isa = PBXBuildFile; fileRef = BD07E8D31F675E2C004A5851 /* ColorExtensions.swift */; };
		BD92AEEA1F6CC44900C88397 /* Workflow.swift in Sources */ = {isa = PBXBuildFile; fileRef = BD92AEE91F6CC44900C88397 /* Workflow.swift */; };
		BD92AEEC1F6CC46300C88397 /* WorkFlowItem.swift in Sources */ = {isa = PBXBuildFile; fileRef = BD92AEEB1F6CC46300C88397 /* WorkFlowItem.swift */; };
		BD92AEEE1F6CD7AB00C88397 /* ThingTableViewCell.swift in Sources */ = {isa = PBXBuildFile; fileRef = BD92AEED1F6CD7AB00C88397 /* ThingTableViewCell.swift */; };
		BD92AEF31F6CF27D00C88397 /* AttributeExtensions.swift in Sources */ = {isa = PBXBuildFile; fileRef = BD92AEF21F6CF27D00C88397 /* AttributeExtensions.swift */; };
		BD92AEF51F6CF2A000C88397 /* DataSetup.swift in Sources */ = {isa = PBXBuildFile; fileRef = BD92AEF41F6CF2A000C88397 /* DataSetup.swift */; };
		BD92AEF71F6CF95500C88397 /* DataStatistics.swift in Sources */ = {isa = PBXBuildFile; fileRef = BD92AEF61F6CF95500C88397 /* DataStatistics.swift */; };
/* End PBXBuildFile section */

/* Begin PBXContainerItemProxy section */
		BD07E8B21F673350004A5851 /* PBXContainerItemProxy */ = {
			isa = PBXContainerItemProxy;
			containerPortal = BD07E8921F673350004A5851 /* Project object */;
			proxyType = 1;
			remoteGlobalIDString = BD07E8991F673350004A5851;
			remoteInfo = Something;
		};
		BD07E8BD1F673350004A5851 /* PBXContainerItemProxy */ = {
			isa = PBXContainerItemProxy;
			containerPortal = BD07E8921F673350004A5851 /* Project object */;
			proxyType = 1;
			remoteGlobalIDString = BD07E8991F673350004A5851;
			remoteInfo = Something;
		};
/* End PBXContainerItemProxy section */

/* Begin PBXFileReference section */
		941C05051F6C8A2200A7AD05 /* AttributeTableViewCell.swift */ = {isa = PBXFileReference; fileEncoding = 4; lastKnownFileType = sourcecode.swift; name = AttributeTableViewCell.swift; path = ViewControllers/CommonWorkFlow/AttributeTableViewCell.swift; sourceTree = "<group>"; };
		943F353D1FF1AE4D0072AFD9 /* MGSwipeTableCell.framework */ = {isa = PBXFileReference; lastKnownFileType = wrapper.framework; name = MGSwipeTableCell.framework; path = Carthage/Build/iOS/MGSwipeTableCell.framework; sourceTree = "<group>"; };
		944F5A3B1F6F964600EA6D33 /* StyleModel.swift */ = {isa = PBXFileReference; fileEncoding = 4; lastKnownFileType = sourcecode.swift; path = StyleModel.swift; sourceTree = "<group>"; };
		9473FEE11F6852BA0070F507 /* AttributeSelectorViewController.swift */ = {isa = PBXFileReference; fileEncoding = 4; lastKnownFileType = sourcecode.swift; name = AttributeSelectorViewController.swift; path = ViewControllers/CommonWorkFlow/AttributeSelectorViewController.swift; sourceTree = "<group>"; };
		9473FEE51F6882BA0070F507 /* TitleRememberViewController.swift */ = {isa = PBXFileReference; fileEncoding = 4; lastKnownFileType = sourcecode.swift; name = TitleRememberViewController.swift; path = ViewControllers/Remember/TitleRememberViewController.swift; sourceTree = "<group>"; };
		9473FEE71F6886830070F507 /* NoteRememberViewController.swift */ = {isa = PBXFileReference; fileEncoding = 4; lastKnownFileType = sourcecode.swift; name = NoteRememberViewController.swift; path = ViewControllers/Remember/NoteRememberViewController.swift; sourceTree = "<group>"; };
		94B1B6371F6DB05E00DBA3CD /* ThingDataViewController.swift */ = {isa = PBXFileReference; fileEncoding = 4; lastKnownFileType = sourcecode.swift; path = ThingDataViewController.swift; sourceTree = "<group>"; };
		94E4FA411F68B47900FA18A5 /* ThingsViewController.swift */ = {isa = PBXFileReference; fileEncoding = 4; lastKnownFileType = sourcecode.swift; name = ThingsViewController.swift; path = ViewControllers/Thing/ThingsViewController.swift; sourceTree = "<group>"; };
		BD07E89A1F673350004A5851 /* Something.app */ = {isa = PBXFileReference; explicitFileType = wrapper.application; includeInIndex = 0; path = Something.app; sourceTree = BUILT_PRODUCTS_DIR; };
		BD07E89D1F673350004A5851 /* AppDelegate.swift */ = {isa = PBXFileReference; lastKnownFileType = sourcecode.swift; path = AppDelegate.swift; sourceTree = "<group>"; };
		BD07E89F1F673350004A5851 /* InitialViewController.swift */ = {isa = PBXFileReference; lastKnownFileType = sourcecode.swift; name = InitialViewController.swift; path = ViewControllers/InitialViewController.swift; sourceTree = "<group>"; };
		BD07E8A21F673350004A5851 /* Base */ = {isa = PBXFileReference; lastKnownFileType = file.storyboard; name = Base; path = Base.lproj/Main.storyboard; sourceTree = "<group>"; };
		BD07E8A51F673350004A5851 /* Something.xcdatamodel */ = {isa = PBXFileReference; lastKnownFileType = wrapper.xcdatamodel; path = Something.xcdatamodel; sourceTree = "<group>"; };
		BD07E8A71F673350004A5851 /* Assets.xcassets */ = {isa = PBXFileReference; lastKnownFileType = folder.assetcatalog; path = Assets.xcassets; sourceTree = "<group>"; };
		BD07E8AA1F673350004A5851 /* Base */ = {isa = PBXFileReference; lastKnownFileType = file.storyboard; name = Base; path = Base.lproj/LaunchScreen.storyboard; sourceTree = "<group>"; };
		BD07E8AC1F673350004A5851 /* Info.plist */ = {isa = PBXFileReference; lastKnownFileType = text.plist.xml; path = Info.plist; sourceTree = "<group>"; };
		BD07E8B11F673350004A5851 /* SomethingTests.xctest */ = {isa = PBXFileReference; explicitFileType = wrapper.cfbundle; includeInIndex = 0; path = SomethingTests.xctest; sourceTree = BUILT_PRODUCTS_DIR; };
		BD07E8B51F673350004A5851 /* SomethingTests.swift */ = {isa = PBXFileReference; lastKnownFileType = sourcecode.swift; path = SomethingTests.swift; sourceTree = "<group>"; };
		BD07E8B71F673350004A5851 /* Info.plist */ = {isa = PBXFileReference; lastKnownFileType = text.plist.xml; path = Info.plist; sourceTree = "<group>"; };
		BD07E8BC1F673350004A5851 /* SomethingUITests.xctest */ = {isa = PBXFileReference; explicitFileType = wrapper.cfbundle; includeInIndex = 0; path = SomethingUITests.xctest; sourceTree = BUILT_PRODUCTS_DIR; };
		BD07E8C01F673350004A5851 /* SomethingUITests.swift */ = {isa = PBXFileReference; lastKnownFileType = sourcecode.swift; path = SomethingUITests.swift; sourceTree = "<group>"; };
		BD07E8C21F673350004A5851 /* Info.plist */ = {isa = PBXFileReference; lastKnownFileType = text.plist.xml; path = Info.plist; sourceTree = "<group>"; };
		BD07E8CF1F675086004A5851 /* CreateThingWizard.swift */ = {isa = PBXFileReference; fileEncoding = 4; lastKnownFileType = sourcecode.swift; name = CreateThingWizard.swift; path = DataInteraction/CreateThingWizard.swift; sourceTree = "<group>"; };
		BD07E8D11F67570D004A5851 /* PredicateFormulator.swift */ = {isa = PBXFileReference; fileEncoding = 4; lastKnownFileType = sourcecode.swift; name = PredicateFormulator.swift; path = DataInteraction/PredicateFormulator.swift; sourceTree = "<group>"; };
		BD07E8D31F675E2C004A5851 /* ColorExtensions.swift */ = {isa = PBXFileReference; fileEncoding = 4; lastKnownFileType = sourcecode.swift; name = ColorExtensions.swift; path = AuxillaryExtensions/ColorExtensions.swift; sourceTree = "<group>"; };
		BD92AEE91F6CC44900C88397 /* Workflow.swift */ = {isa = PBXFileReference; fileEncoding = 4; lastKnownFileType = sourcecode.swift; name = Workflow.swift; path = DataInteraction/Workflow.swift; sourceTree = "<group>"; };
		BD92AEEB1F6CC46300C88397 /* WorkFlowItem.swift */ = {isa = PBXFileReference; fileEncoding = 4; lastKnownFileType = sourcecode.swift; name = WorkFlowItem.swift; path = DataInteraction/WorkFlowItem.swift; sourceTree = "<group>"; };
		BD92AEED1F6CD7AB00C88397 /* ThingTableViewCell.swift */ = {isa = PBXFileReference; fileEncoding = 4; lastKnownFileType = sourcecode.swift; name = ThingTableViewCell.swift; path = ViewControllers/Thing/ThingTableViewCell.swift; sourceTree = "<group>"; };
		BD92AEF21F6CF27D00C88397 /* AttributeExtensions.swift */ = {isa = PBXFileReference; fileEncoding = 4; lastKnownFileType = sourcecode.swift; name = AttributeExtensions.swift; path = AuxillaryExtensions/AttributeExtensions.swift; sourceTree = "<group>"; };
		BD92AEF41F6CF2A000C88397 /* DataSetup.swift */ = {isa = PBXFileReference; fileEncoding = 4; lastKnownFileType = sourcecode.swift; name = DataSetup.swift; path = DataInteraction/DataSetup.swift; sourceTree = "<group>"; };
		BD92AEF61F6CF95500C88397 /* DataStatistics.swift */ = {isa = PBXFileReference; fileEncoding = 4; lastKnownFileType = sourcecode.swift; name = DataStatistics.swift; path = DataInteraction/DataStatistics.swift; sourceTree = "<group>"; };
/* End PBXFileReference section */

/* Begin PBXFrameworksBuildPhase section */
		BD07E8971F673350004A5851 /* Frameworks */ = {
			isa = PBXFrameworksBuildPhase;
			buildActionMask = 2147483647;
			files = (
				943F353E1FF1AE4E0072AFD9 /* MGSwipeTableCell.framework in Frameworks */,
			);
			runOnlyForDeploymentPostprocessing = 0;
		};
		BD07E8AE1F673350004A5851 /* Frameworks */ = {
			isa = PBXFrameworksBuildPhase;
			buildActionMask = 2147483647;
			files = (
			);
			runOnlyForDeploymentPostprocessing = 0;
		};
		BD07E8B91F673350004A5851 /* Frameworks */ = {
			isa = PBXFrameworksBuildPhase;
			buildActionMask = 2147483647;
			files = (
			);
			runOnlyForDeploymentPostprocessing = 0;
		};
/* End PBXFrameworksBuildPhase section */

/* Begin PBXGroup section */
		943F353C1FF1AE4D0072AFD9 /* Frameworks */ = {
			isa = PBXGroup;
			children = (
				943F353D1FF1AE4D0072AFD9 /* MGSwipeTableCell.framework */,
			);
			name = Frameworks;
			sourceTree = "<group>";
		};
		BD07E8911F673350004A5851 = {
			isa = PBXGroup;
			children = (
				BD07E89C1F673350004A5851 /* Something */,
				BD07E8B41F673350004A5851 /* SomethingTests */,
				BD07E8BF1F673350004A5851 /* SomethingUITests */,
				BD07E89B1F673350004A5851 /* Products */,
				943F353C1FF1AE4D0072AFD9 /* Frameworks */,
			);
			sourceTree = "<group>";
		};
		BD07E89B1F673350004A5851 /* Products */ = {
			isa = PBXGroup;
			children = (
				BD07E89A1F673350004A5851 /* Something.app */,
				BD07E8B11F673350004A5851 /* SomethingTests.xctest */,
				BD07E8BC1F673350004A5851 /* SomethingUITests.xctest */,
			);
			name = Products;
			sourceTree = "<group>";
		};
		BD07E89C1F673350004A5851 /* Something */ = {
			isa = PBXGroup;
			children = (
				BD07E89D1F673350004A5851 /* AppDelegate.swift */,
				BD07E8D61F675F33004A5851 /* ViewControllers */,
				BD07E8CE1F675012004A5851 /* DataInteraction */,
				BD07E8D51F675F20004A5851 /* Auxillary Extensions */,
				BD07E8A11F673350004A5851 /* Main.storyboard */,
				BD07E8A71F673350004A5851 /* Assets.xcassets */,
				BD07E8A91F673350004A5851 /* LaunchScreen.storyboard */,
				BD07E8AC1F673350004A5851 /* Info.plist */,
				BD07E8A41F673350004A5851 /* Something.xcdatamodeld */,
			);
			path = Something;
			sourceTree = "<group>";
		};
		BD07E8B41F673350004A5851 /* SomethingTests */ = {
			isa = PBXGroup;
			children = (
				BD07E8B51F673350004A5851 /* SomethingTests.swift */,
				BD07E8B71F673350004A5851 /* Info.plist */,
			);
			path = SomethingTests;
			sourceTree = "<group>";
		};
		BD07E8BF1F673350004A5851 /* SomethingUITests */ = {
			isa = PBXGroup;
			children = (
				BD07E8C01F673350004A5851 /* SomethingUITests.swift */,
				BD07E8C21F673350004A5851 /* Info.plist */,
			);
			path = SomethingUITests;
			sourceTree = "<group>";
		};
		BD07E8CE1F675012004A5851 /* DataInteraction */ = {
			isa = PBXGroup;
			children = (
				BD07E8CF1F675086004A5851 /* CreateThingWizard.swift */,
				BD07E8D11F67570D004A5851 /* PredicateFormulator.swift */,
				BD92AEE91F6CC44900C88397 /* Workflow.swift */,
				944F5A3B1F6F964600EA6D33 /* StyleModel.swift */,
				BD92AEEB1F6CC46300C88397 /* WorkFlowItem.swift */,
				BD92AEF41F6CF2A000C88397 /* DataSetup.swift */,
				BD92AEF61F6CF95500C88397 /* DataStatistics.swift */,
			);
			name = DataInteraction;
			sourceTree = "<group>";
		};
		BD07E8D51F675F20004A5851 /* Auxillary Extensions */ = {
			isa = PBXGroup;
			children = (
				BD07E8D31F675E2C004A5851 /* ColorExtensions.swift */,
				BD92AEF21F6CF27D00C88397 /* AttributeExtensions.swift */,
			);
			name = "Auxillary Extensions";
			sourceTree = "<group>";
		};
		BD07E8D61F675F33004A5851 /* ViewControllers */ = {
			isa = PBXGroup;
			children = (
				BD07E89F1F673350004A5851 /* InitialViewController.swift */,
				BD92AEEF1F6CEE6D00C88397 /* CommonWorkflow */,
				BD92AEF01F6CEEA300C88397 /* Thing */,
				BD92AEF11F6CF13800C88397 /* Remember */,
			);
			name = ViewControllers;
			sourceTree = "<group>";
		};
		BD92AEEF1F6CEE6D00C88397 /* CommonWorkflow */ = {
			isa = PBXGroup;
			children = (
				9473FEE11F6852BA0070F507 /* AttributeSelectorViewController.swift */,
				941C05051F6C8A2200A7AD05 /* AttributeTableViewCell.swift */,
			);
			name = CommonWorkflow;
			sourceTree = "<group>";
		};
		BD92AEF01F6CEEA300C88397 /* Thing */ = {
			isa = PBXGroup;
			children = (
				94E4FA411F68B47900FA18A5 /* ThingsViewController.swift */,
				94B1B6371F6DB05E00DBA3CD /* ThingDataViewController.swift */,
				BD92AEED1F6CD7AB00C88397 /* ThingTableViewCell.swift */,
			);
			name = Thing;
			sourceTree = "<group>";
		};
		BD92AEF11F6CF13800C88397 /* Remember */ = {
			isa = PBXGroup;
			children = (
				9473FEE51F6882BA0070F507 /* TitleRememberViewController.swift */,
				9473FEE71F6886830070F507 /* NoteRememberViewController.swift */,
			);
			name = Remember;
			sourceTree = "<group>";
		};
/* End PBXGroup section */

/* Begin PBXNativeTarget section */
		BD07E8991F673350004A5851 /* Something */ = {
			isa = PBXNativeTarget;
			buildConfigurationList = BD07E8C51F673350004A5851 /* Build configuration list for PBXNativeTarget "Something" */;
			buildPhases = (
				BD07E8961F673350004A5851 /* Sources */,
				BD07E8971F673350004A5851 /* Frameworks */,
				BD07E8981F673350004A5851 /* Resources */,
				943F353F1FF1AE7B0072AFD9 /* ShellScript */,
			);
			buildRules = (
			);
			dependencies = (
			);
			name = Something;
			productName = Something;
			productReference = BD07E89A1F673350004A5851 /* Something.app */;
			productType = "com.apple.product-type.application";
		};
		BD07E8B01F673350004A5851 /* SomethingTests */ = {
			isa = PBXNativeTarget;
			buildConfigurationList = BD07E8C81F673350004A5851 /* Build configuration list for PBXNativeTarget "SomethingTests" */;
			buildPhases = (
				BD07E8AD1F673350004A5851 /* Sources */,
				BD07E8AE1F673350004A5851 /* Frameworks */,
				BD07E8AF1F673350004A5851 /* Resources */,
			);
			buildRules = (
			);
			dependencies = (
				BD07E8B31F673350004A5851 /* PBXTargetDependency */,
			);
			name = SomethingTests;
			productName = SomethingTests;
			productReference = BD07E8B11F673350004A5851 /* SomethingTests.xctest */;
			productType = "com.apple.product-type.bundle.unit-test";
		};
		BD07E8BB1F673350004A5851 /* SomethingUITests */ = {
			isa = PBXNativeTarget;
			buildConfigurationList = BD07E8CB1F673350004A5851 /* Build configuration list for PBXNativeTarget "SomethingUITests" */;
			buildPhases = (
				BD07E8B81F673350004A5851 /* Sources */,
				BD07E8B91F673350004A5851 /* Frameworks */,
				BD07E8BA1F673350004A5851 /* Resources */,
			);
			buildRules = (
			);
			dependencies = (
				BD07E8BE1F673350004A5851 /* PBXTargetDependency */,
			);
			name = SomethingUITests;
			productName = SomethingUITests;
			productReference = BD07E8BC1F673350004A5851 /* SomethingUITests.xctest */;
			productType = "com.apple.product-type.bundle.ui-testing";
		};
/* End PBXNativeTarget section */

/* Begin PBXProject section */
		BD07E8921F673350004A5851 /* Project object */ = {
			isa = PBXProject;
			attributes = {
				LastSwiftUpdateCheck = 0830;
				LastUpgradeCheck = 0900;
				ORGANIZATIONNAME = "Aaron Boswell";
				TargetAttributes = {
					BD07E8991F673350004A5851 = {
						CreatedOnToolsVersion = 8.3.3;
						DevelopmentTeam = NN7HR27RDT;
						LastSwiftMigration = 0900;
						ProvisioningStyle = Automatic;
					};
					BD07E8B01F673350004A5851 = {
						CreatedOnToolsVersion = 8.3.3;
						LastSwiftMigration = 0900;
						ProvisioningStyle = Automatic;
						TestTargetID = BD07E8991F673350004A5851;
					};
					BD07E8BB1F673350004A5851 = {
						CreatedOnToolsVersion = 8.3.3;
						LastSwiftMigration = 0900;
						ProvisioningStyle = Automatic;
						TestTargetID = BD07E8991F673350004A5851;
					};
				};
			};
			buildConfigurationList = BD07E8951F673350004A5851 /* Build configuration list for PBXProject "Something" */;
			compatibilityVersion = "Xcode 3.2";
			developmentRegion = English;
			hasScannedForEncodings = 0;
			knownRegions = (
				en,
				Base,
			);
			mainGroup = BD07E8911F673350004A5851;
			productRefGroup = BD07E89B1F673350004A5851 /* Products */;
			projectDirPath = "";
			projectRoot = "";
			targets = (
				BD07E8991F673350004A5851 /* Something */,
				BD07E8B01F673350004A5851 /* SomethingTests */,
				BD07E8BB1F673350004A5851 /* SomethingUITests */,
			);
		};
/* End PBXProject section */

/* Begin PBXResourcesBuildPhase section */
		BD07E8981F673350004A5851 /* Resources */ = {
			isa = PBXResourcesBuildPhase;
			buildActionMask = 2147483647;
			files = (
				BD07E8AB1F673350004A5851 /* LaunchScreen.storyboard in Resources */,
				BD07E8A81F673350004A5851 /* Assets.xcassets in Resources */,
				BD07E8A31F673350004A5851 /* Main.storyboard in Resources */,
			);
			runOnlyForDeploymentPostprocessing = 0;
		};
		BD07E8AF1F673350004A5851 /* Resources */ = {
			isa = PBXResourcesBuildPhase;
			buildActionMask = 2147483647;
			files = (
			);
			runOnlyForDeploymentPostprocessing = 0;
		};
		BD07E8BA1F673350004A5851 /* Resources */ = {
			isa = PBXResourcesBuildPhase;
			buildActionMask = 2147483647;
			files = (
			);
			runOnlyForDeploymentPostprocessing = 0;
		};
/* End PBXResourcesBuildPhase section */

/* Begin PBXShellScriptBuildPhase section */
		943F353F1FF1AE7B0072AFD9 /* ShellScript */ = {
			isa = PBXShellScriptBuildPhase;
			buildActionMask = 2147483647;
			files = (
			);
			inputPaths = (
				"$(SRCROOT)/Carthage/Build/iOS/MGSwipeTableCell.framework",
			);
			outputPaths = (
			);
			runOnlyForDeploymentPostprocessing = 0;
			shellPath = /bin/sh;
			shellScript = "/usr/local/bin/carthage copy-frameworks";
		};
/* End PBXShellScriptBuildPhase section */

/* Begin PBXSourcesBuildPhase section */
		BD07E8961F673350004A5851 /* Sources */ = {
			isa = PBXSourcesBuildPhase;
			buildActionMask = 2147483647;
			files = (
				BD92AEEC1F6CC46300C88397 /* WorkFlowItem.swift in Sources */,
				BD07E8D21F67570D004A5851 /* PredicateFormulator.swift in Sources */,
				BD92AEEE1F6CD7AB00C88397 /* ThingTableViewCell.swift in Sources */,
				BD92AEF31F6CF27D00C88397 /* AttributeExtensions.swift in Sources */,
				941C05061F6C8A2200A7AD05 /* AttributeTableViewCell.swift in Sources */,
				BD92AEF51F6CF2A000C88397 /* DataSetup.swift in Sources */,
				BD92AEEA1F6CC44900C88397 /* Workflow.swift in Sources */,
				9473FEE81F6886830070F507 /* NoteRememberViewController.swift in Sources */,
				BD07E8A01F673350004A5851 /* InitialViewController.swift in Sources */,
				944F5A3C1F6F964600EA6D33 /* StyleModel.swift in Sources */,
				BD07E8D01F675086004A5851 /* CreateThingWizard.swift in Sources */,
				BD07E89E1F673350004A5851 /* AppDelegate.swift in Sources */,
				94E4FA421F68B47900FA18A5 /* ThingsViewController.swift in Sources */,
				BD92AEF71F6CF95500C88397 /* DataStatistics.swift in Sources */,
				9473FEE61F6882BA0070F507 /* TitleRememberViewController.swift in Sources */,
				9473FEE21F6852BA0070F507 /* AttributeSelectorViewController.swift in Sources */,
				BD07E8A61F673350004A5851 /* Something.xcdatamodeld in Sources */,
				BD07E8D41F675E2D004A5851 /* ColorExtensions.swift in Sources */,
				94B1B6381F6DB05E00DBA3CD /* ThingDataViewController.swift in Sources */,
			);
			runOnlyForDeploymentPostprocessing = 0;
		};
		BD07E8AD1F673350004A5851 /* Sources */ = {
			isa = PBXSourcesBuildPhase;
			buildActionMask = 2147483647;
			files = (
				BD07E8B61F673350004A5851 /* SomethingTests.swift in Sources */,
			);
			runOnlyForDeploymentPostprocessing = 0;
		};
		BD07E8B81F673350004A5851 /* Sources */ = {
			isa = PBXSourcesBuildPhase;
			buildActionMask = 2147483647;
			files = (
				BD07E8C11F673350004A5851 /* SomethingUITests.swift in Sources */,
			);
			runOnlyForDeploymentPostprocessing = 0;
		};
/* End PBXSourcesBuildPhase section */

/* Begin PBXTargetDependency section */
		BD07E8B31F673350004A5851 /* PBXTargetDependency */ = {
			isa = PBXTargetDependency;
			target = BD07E8991F673350004A5851 /* Something */;
			targetProxy = BD07E8B21F673350004A5851 /* PBXContainerItemProxy */;
		};
		BD07E8BE1F673350004A5851 /* PBXTargetDependency */ = {
			isa = PBXTargetDependency;
			target = BD07E8991F673350004A5851 /* Something */;
			targetProxy = BD07E8BD1F673350004A5851 /* PBXContainerItemProxy */;
		};
/* End PBXTargetDependency section */

/* Begin PBXVariantGroup section */
		BD07E8A11F673350004A5851 /* Main.storyboard */ = {
			isa = PBXVariantGroup;
			children = (
				BD07E8A21F673350004A5851 /* Base */,
			);
			name = Main.storyboard;
			sourceTree = "<group>";
		};
		BD07E8A91F673350004A5851 /* LaunchScreen.storyboard */ = {
			isa = PBXVariantGroup;
			children = (
				BD07E8AA1F673350004A5851 /* Base */,
			);
			name = LaunchScreen.storyboard;
			sourceTree = "<group>";
		};
/* End PBXVariantGroup section */

/* Begin XCBuildConfiguration section */
		BD07E8C31F673350004A5851 /* Debug */ = {
			isa = XCBuildConfiguration;
			buildSettings = {
				ALWAYS_SEARCH_USER_PATHS = NO;
				CLANG_ANALYZER_NONNULL = YES;
				CLANG_ANALYZER_NUMBER_OBJECT_CONVERSION = YES_AGGRESSIVE;
				CLANG_CXX_LANGUAGE_STANDARD = "gnu++0x";
				CLANG_CXX_LIBRARY = "libc++";
				CLANG_ENABLE_MODULES = YES;
				CLANG_ENABLE_OBJC_ARC = YES;
				CLANG_WARN_BLOCK_CAPTURE_AUTORELEASING = YES;
				CLANG_WARN_BOOL_CONVERSION = YES;
				CLANG_WARN_COMMA = YES;
				CLANG_WARN_CONSTANT_CONVERSION = YES;
				CLANG_WARN_DIRECT_OBJC_ISA_USAGE = YES_ERROR;
				CLANG_WARN_DOCUMENTATION_COMMENTS = YES;
				CLANG_WARN_EMPTY_BODY = YES;
				CLANG_WARN_ENUM_CONVERSION = YES;
				CLANG_WARN_INFINITE_RECURSION = YES;
				CLANG_WARN_INT_CONVERSION = YES;
				CLANG_WARN_NON_LITERAL_NULL_CONVERSION = YES;
				CLANG_WARN_OBJC_LITERAL_CONVERSION = YES;
				CLANG_WARN_OBJC_ROOT_CLASS = YES_ERROR;
				CLANG_WARN_RANGE_LOOP_ANALYSIS = YES;
				CLANG_WARN_STRICT_PROTOTYPES = YES;
				CLANG_WARN_SUSPICIOUS_MOVE = YES;
				CLANG_WARN_UNREACHABLE_CODE = YES;
				CLANG_WARN__DUPLICATE_METHOD_MATCH = YES;
				"CODE_SIGN_IDENTITY[sdk=iphoneos*]" = "iPhone Developer";
				COPY_PHASE_STRIP = NO;
				DEBUG_INFORMATION_FORMAT = dwarf;
				ENABLE_STRICT_OBJC_MSGSEND = YES;
				ENABLE_TESTABILITY = YES;
				GCC_C_LANGUAGE_STANDARD = gnu99;
				GCC_DYNAMIC_NO_PIC = NO;
				GCC_NO_COMMON_BLOCKS = YES;
				GCC_OPTIMIZATION_LEVEL = 0;
				GCC_PREPROCESSOR_DEFINITIONS = (
					"DEBUG=1",
					"$(inherited)",
				);
				GCC_WARN_64_TO_32_BIT_CONVERSION = YES;
				GCC_WARN_ABOUT_RETURN_TYPE = YES_ERROR;
				GCC_WARN_UNDECLARED_SELECTOR = YES;
				GCC_WARN_UNINITIALIZED_AUTOS = YES_AGGRESSIVE;
				GCC_WARN_UNUSED_FUNCTION = YES;
				GCC_WARN_UNUSED_PARAMETER = YES;
				GCC_WARN_UNUSED_VARIABLE = YES;
				IPHONEOS_DEPLOYMENT_TARGET = 11.1;
				MTL_ENABLE_DEBUG_INFO = YES;
				ONLY_ACTIVE_ARCH = YES;
				SDKROOT = iphoneos;
				SWIFT_ACTIVE_COMPILATION_CONDITIONS = DEBUG;
				SWIFT_OPTIMIZATION_LEVEL = "-Onone";
				TARGETED_DEVICE_FAMILY = "1,2";
			};
			name = Debug;
		};
		BD07E8C41F673350004A5851 /* Release */ = {
			isa = XCBuildConfiguration;
			buildSettings = {
				ALWAYS_SEARCH_USER_PATHS = NO;
				CLANG_ANALYZER_NONNULL = YES;
				CLANG_ANALYZER_NUMBER_OBJECT_CONVERSION = YES_AGGRESSIVE;
				CLANG_CXX_LANGUAGE_STANDARD = "gnu++0x";
				CLANG_CXX_LIBRARY = "libc++";
				CLANG_ENABLE_MODULES = YES;
				CLANG_ENABLE_OBJC_ARC = YES;
				CLANG_WARN_BLOCK_CAPTURE_AUTORELEASING = YES;
				CLANG_WARN_BOOL_CONVERSION = YES;
				CLANG_WARN_COMMA = YES;
				CLANG_WARN_CONSTANT_CONVERSION = YES;
				CLANG_WARN_DIRECT_OBJC_ISA_USAGE = YES_ERROR;
				CLANG_WARN_DOCUMENTATION_COMMENTS = YES;
				CLANG_WARN_EMPTY_BODY = YES;
				CLANG_WARN_ENUM_CONVERSION = YES;
				CLANG_WARN_INFINITE_RECURSION = YES;
				CLANG_WARN_INT_CONVERSION = YES;
				CLANG_WARN_NON_LITERAL_NULL_CONVERSION = YES;
				CLANG_WARN_OBJC_LITERAL_CONVERSION = YES;
				CLANG_WARN_OBJC_ROOT_CLASS = YES_ERROR;
				CLANG_WARN_RANGE_LOOP_ANALYSIS = YES;
				CLANG_WARN_STRICT_PROTOTYPES = YES;
				CLANG_WARN_SUSPICIOUS_MOVE = YES;
				CLANG_WARN_UNREACHABLE_CODE = YES;
				CLANG_WARN__DUPLICATE_METHOD_MATCH = YES;
				"CODE_SIGN_IDENTITY[sdk=iphoneos*]" = "iPhone Developer";
				COPY_PHASE_STRIP = NO;
				DEBUG_INFORMATION_FORMAT = "dwarf-with-dsym";
				ENABLE_NS_ASSERTIONS = NO;
				ENABLE_STRICT_OBJC_MSGSEND = YES;
				GCC_C_LANGUAGE_STANDARD = gnu99;
				GCC_NO_COMMON_BLOCKS = YES;
				GCC_WARN_64_TO_32_BIT_CONVERSION = YES;
				GCC_WARN_ABOUT_RETURN_TYPE = YES_ERROR;
				GCC_WARN_UNDECLARED_SELECTOR = YES;
				GCC_WARN_UNINITIALIZED_AUTOS = YES_AGGRESSIVE;
				GCC_WARN_UNUSED_FUNCTION = YES;
				GCC_WARN_UNUSED_PARAMETER = YES;
				GCC_WARN_UNUSED_VARIABLE = YES;
				IPHONEOS_DEPLOYMENT_TARGET = 11.1;
				MTL_ENABLE_DEBUG_INFO = NO;
				SDKROOT = iphoneos;
				SWIFT_OPTIMIZATION_LEVEL = "-Owholemodule";
				TARGETED_DEVICE_FAMILY = "1,2";
				VALIDATE_PRODUCT = YES;
			};
			name = Release;
		};
		BD07E8C61F673350004A5851 /* Debug */ = {
			isa = XCBuildConfiguration;
			buildSettings = {
				ASSETCATALOG_COMPILER_APPICON_NAME = AppIcon;
				DEVELOPMENT_TEAM = NN7HR27RDT;
				FRAMEWORK_SEARCH_PATHS = (
					"$(inherited)",
					"$(PROJECT_DIR)/Carthage/Build/iOS",
				);
				INFOPLIST_FILE = Something/Info.plist;
				IPHONEOS_DEPLOYMENT_TARGET = 11.1;
				LD_RUNPATH_SEARCH_PATHS = "$(inherited) @executable_path/Frameworks";
				PRODUCT_BUNDLE_IDENTIFIER = com.Boswell.Something;
				PRODUCT_NAME = "$(TARGET_NAME)";
				SWIFT_SWIFT3_OBJC_INFERENCE = Default;
				SWIFT_VERSION = 4.0;
			};
			name = Debug;
		};
		BD07E8C71F673350004A5851 /* Release */ = {
			isa = XCBuildConfiguration;
			buildSettings = {
				ASSETCATALOG_COMPILER_APPICON_NAME = AppIcon;
				DEVELOPMENT_TEAM = NN7HR27RDT;
				FRAMEWORK_SEARCH_PATHS = (
					"$(inherited)",
					"$(PROJECT_DIR)/Carthage/Build/iOS",
				);
				INFOPLIST_FILE = Something/Info.plist;
				IPHONEOS_DEPLOYMENT_TARGET = 11.1;
				LD_RUNPATH_SEARCH_PATHS = "$(inherited) @executable_path/Frameworks";
				PRODUCT_BUNDLE_IDENTIFIER = com.Boswell.Something;
				PRODUCT_NAME = "$(TARGET_NAME)";
				SWIFT_SWIFT3_OBJC_INFERENCE = Default;
				SWIFT_VERSION = 4.0;
			};
			name = Release;
		};
		BD07E8C91F673350004A5851 /* Debug */ = {
			isa = XCBuildConfiguration;
			buildSettings = {
				ALWAYS_EMBED_SWIFT_STANDARD_LIBRARIES = YES;
				BUNDLE_LOADER = "$(TEST_HOST)";
				INFOPLIST_FILE = SomethingTests/Info.plist;
				LD_RUNPATH_SEARCH_PATHS = "$(inherited) @executable_path/Frameworks @loader_path/Frameworks";
				PRODUCT_BUNDLE_IDENTIFIER = com.Boswell.SomethingTests;
				PRODUCT_NAME = "$(TARGET_NAME)";
				SWIFT_SWIFT3_OBJC_INFERENCE = Default;
				SWIFT_VERSION = 4.0;
				TEST_HOST = "$(BUILT_PRODUCTS_DIR)/Something.app/Something";
			};
			name = Debug;
		};
		BD07E8CA1F673350004A5851 /* Release */ = {
			isa = XCBuildConfiguration;
			buildSettings = {
				ALWAYS_EMBED_SWIFT_STANDARD_LIBRARIES = YES;
				BUNDLE_LOADER = "$(TEST_HOST)";
				INFOPLIST_FILE = SomethingTests/Info.plist;
				LD_RUNPATH_SEARCH_PATHS = "$(inherited) @executable_path/Frameworks @loader_path/Frameworks";
				PRODUCT_BUNDLE_IDENTIFIER = com.Boswell.SomethingTests;
				PRODUCT_NAME = "$(TARGET_NAME)";
				SWIFT_SWIFT3_OBJC_INFERENCE = Default;
				SWIFT_VERSION = 4.0;
				TEST_HOST = "$(BUILT_PRODUCTS_DIR)/Something.app/Something";
			};
			name = Release;
		};
		BD07E8CC1F673350004A5851 /* Debug */ = {
			isa = XCBuildConfiguration;
			buildSettings = {
				ALWAYS_EMBED_SWIFT_STANDARD_LIBRARIES = YES;
				INFOPLIST_FILE = SomethingUITests/Info.plist;
				LD_RUNPATH_SEARCH_PATHS = "$(inherited) @executable_path/Frameworks @loader_path/Frameworks";
				PRODUCT_BUNDLE_IDENTIFIER = com.Boswell.SomethingUITests;
				PRODUCT_NAME = "$(TARGET_NAME)";
				SWIFT_SWIFT3_OBJC_INFERENCE = Default;
				SWIFT_VERSION = 4.0;
				TEST_TARGET_NAME = Something;
			};
			name = Debug;
		};
		BD07E8CD1F673350004A5851 /* Release */ = {
			isa = XCBuildConfiguration;
			buildSettings = {
				ALWAYS_EMBED_SWIFT_STANDARD_LIBRARIES = YES;
				INFOPLIST_FILE = SomethingUITests/Info.plist;
				LD_RUNPATH_SEARCH_PATHS = "$(inherited) @executable_path/Frameworks @loader_path/Frameworks";
				PRODUCT_BUNDLE_IDENTIFIER = com.Boswell.SomethingUITests;
				PRODUCT_NAME = "$(TARGET_NAME)";
				SWIFT_SWIFT3_OBJC_INFERENCE = Default;
				SWIFT_VERSION = 4.0;
				TEST_TARGET_NAME = Something;
			};
			name = Release;
		};
/* End XCBuildConfiguration section */

/* Begin XCConfigurationList section */
		BD07E8951F673350004A5851 /* Build configuration list for PBXProject "Something" */ = {
			isa = XCConfigurationList;
			buildConfigurations = (
				BD07E8C31F673350004A5851 /* Debug */,
				BD07E8C41F673350004A5851 /* Release */,
			);
			defaultConfigurationIsVisible = 0;
			defaultConfigurationName = Release;
		};
		BD07E8C51F673350004A5851 /* Build configuration list for PBXNativeTarget "Something" */ = {
			isa = XCConfigurationList;
			buildConfigurations = (
				BD07E8C61F673350004A5851 /* Debug */,
				BD07E8C71F673350004A5851 /* Release */,
			);
			defaultConfigurationIsVisible = 0;
			defaultConfigurationName = Release;
		};
		BD07E8C81F673350004A5851 /* Build configuration list for PBXNativeTarget "SomethingTests" */ = {
			isa = XCConfigurationList;
			buildConfigurations = (
				BD07E8C91F673350004A5851 /* Debug */,
				BD07E8CA1F673350004A5851 /* Release */,
			);
			defaultConfigurationIsVisible = 0;
			defaultConfigurationName = Release;
		};
		BD07E8CB1F673350004A5851 /* Build configuration list for PBXNativeTarget "SomethingUITests" */ = {
			isa = XCConfigurationList;
			buildConfigurations = (
				BD07E8CC1F673350004A5851 /* Debug */,
				BD07E8CD1F673350004A5851 /* Release */,
			);
			defaultConfigurationIsVisible = 0;
			defaultConfigurationName = Release;
		};
/* End XCConfigurationList section */

/* Begin XCVersionGroup section */
		BD07E8A41F673350004A5851 /* Something.xcdatamodeld */ = {
			isa = XCVersionGroup;
			children = (
				BD07E8A51F673350004A5851 /* Something.xcdatamodel */,
			);
			currentVersion = BD07E8A51F673350004A5851 /* Something.xcdatamodel */;
			path = Something.xcdatamodeld;
			sourceTree = "<group>";
			versionGroupType = wrapper.xcdatamodel;
		};
/* End XCVersionGroup section */
	};
	rootObject = BD07E8921F673350004A5851 /* Project object */;
}
